
Microsoft Visual Studio Solution File, Format Version 12.00
# Visual Studio Version 17
VisualStudioVersion = 17.14.36221.1 d17.14
MinimumVisualStudioVersion = 10.0.40219.1
Project("{FAE04EC0-301F-11D3-BF4B-00C04F79EFBC}") = "Instructions", "Instructions.csproj", "{AE664509-B32D-90B8-CEAE-C8001F2A3765}"
EndProject
Global
	GlobalSection(SolutionConfigurationPlatforms) = preSolution
		Debug|Any CPU = Debug|Any CPU
		Release|Any CPU = Release|Any CPU
	EndGlobalSection
	GlobalSection(ProjectConfigurationPlatforms) = postSolution
		{AE664509-B32D-90B8-CEAE-C8001F2A3765}.Debug|Any CPU.ActiveCfg = Debug|Any CPU
		{AE664509-B32D-90B8-CEAE-C8001F2A3765}.Debug|Any CPU.Build.0 = Debug|Any CPU
		{AE664509-B32D-90B8-CEAE-C8001F2A3765}.Release|Any CPU.ActiveCfg = Release|Any CPU
		{AE664509-B32D-90B8-CEAE-C8001F2A3765}.Release|Any CPU.Build.0 = Release|Any CPU
	EndGlobalSection
	GlobalSection(SolutionProperties) = preSolution
		HideSolutionNode = FALSE
	EndGlobalSection
	GlobalSection(ExtensibilityGlobals) = postSolution
		SolutionGuid = {9B871F8F-8851-4125-BA8C-FA128029A1E1}
	EndGlobalSection
EndGlobal
